
Microsoft Visual Studio Solution File, Format Version 12.00
# Visual Studio Version 17
VisualStudioVersion = 17.11.35222.181
MinimumVisualStudioVersion = 10.0.40219.1
Project("{FAE04EC0-301F-11D3-BF4B-00C04F79EFBC}") = "CarShowRoom", "CarShowRoom\CarShowRoom.csproj", "{9168AD9D-A01E-4428-8185-782A9081D185}"
EndProject
Global
	GlobalSection(SolutionConfigurationPlatforms) = preSolution
		Debug|Any CPU = Debug|Any CPU
		Release|Any CPU = Release|Any CPU
	EndGlobalSection
	GlobalSection(ProjectConfigurationPlatforms) = postSolution
		{9168AD9D-A01E-4428-8185-782A9081D185}.Debug|Any CPU.ActiveCfg = Debug|Any CPU
		{9168AD9D-A01E-4428-8185-782A9081D185}.Debug|Any CPU.Build.0 = Debug|Any CPU
		{9168AD9D-A01E-4428-8185-782A9081D185}.Release|Any CPU.ActiveCfg = Release|Any CPU
		{9168AD9D-A01E-4428-8185-782A9081D185}.Release|Any CPU.Build.0 = Release|Any CPU
	EndGlobalSection
	GlobalSection(SolutionProperties) = preSolution
		HideSolutionNode = FALSE
	EndGlobalSection
	GlobalSection(ExtensibilityGlobals) = postSolution
		SolutionGuid = {8F9D03F2-8B62-4DA2-99FE-A8961C5D04CB}
	EndGlobalSection
EndGlobal
